
Microsoft Visual Studio Solution File, Format Version 12.00
# Visual Studio 14
VisualStudioVersion = 14.0.25420.1
MinimumVisualStudioVersion = 10.0.40219.1
Project("{FAE04EC0-301F-11D3-BF4B-00C04F79EFBC}") = "WebApplication1", "WebApplication1\WebApplication1.csproj", "{609F5DA7-E38D-4424-A384-E9F742E5C335}"
EndProject
Global
	GlobalSection(SolutionConfigurationPlatforms) = preSolution
		Debug|Any CPU = Debug|Any CPU
		Release|Any CPU = Release|Any CPU
	EndGlobalSection
	GlobalSection(ProjectConfigurationPlatforms) = postSolution
		{609F5DA7-E38D-4424-A384-E9F742E5C335}.Debug|Any CPU.ActiveCfg = Debug|Any CPU
		{609F5DA7-E38D-4424-A384-E9F742E5C335}.Debug|Any CPU.Build.0 = Debug|Any CPU
		{609F5DA7-E38D-4424-A384-E9F742E5C335}.Release|Any CPU.ActiveCfg = Release|Any CPU
		{609F5DA7-E38D-4424-A384-E9F742E5C335}.Release|Any CPU.Build.0 = Release|Any CPU
	EndGlobalSection
	GlobalSection(SolutionProperties) = preSolution
		HideSolutionNode = FALSE
	EndGlobalSection
EndGlobal
