
Microsoft Visual Studio Solution File, Format Version 12.00
# Visual Studio 14
VisualStudioVersion = 14.0.25420.1
MinimumVisualStudioVersion = 10.0.40219.1
Project("{FAE04EC0-301F-11D3-BF4B-00C04F79EFBC}") = "FinalProject1", "FinalProject1\FinalProject1.csproj", "{D8038B6C-443E-44FE-AAC9-F1A860941184}"
EndProject
Global
	GlobalSection(SolutionConfigurationPlatforms) = preSolution
		Debug|Any CPU = Debug|Any CPU
		Release|Any CPU = Release|Any CPU
	EndGlobalSection
	GlobalSection(ProjectConfigurationPlatforms) = postSolution
		{D8038B6C-443E-44FE-AAC9-F1A860941184}.Debug|Any CPU.ActiveCfg = Debug|Any CPU
		{D8038B6C-443E-44FE-AAC9-F1A860941184}.Debug|Any CPU.Build.0 = Debug|Any CPU
		{D8038B6C-443E-44FE-AAC9-F1A860941184}.Release|Any CPU.ActiveCfg = Release|Any CPU
		{D8038B6C-443E-44FE-AAC9-F1A860941184}.Release|Any CPU.Build.0 = Release|Any CPU
	EndGlobalSection
	GlobalSection(SolutionProperties) = preSolution
		HideSolutionNode = FALSE
	EndGlobalSection
EndGlobal
